PODS:
  - Flutter (1.0.0)
  - flutter_local_notifications (0.0.1):
    - Flutter
  - health_kit_reporter (2.1.0):
    - Flutter
    - HealthKitReporter (= 3.1.0)
  - HealthKitReporter (3.1.0)

DEPENDENCIES:
  - Flutter (from `Flutter`)
  - flutter_local_notifications (from `.symlinks/plugins/flutter_local_notifications/ios`)
  - health_kit_reporter (from `.symlinks/plugins/health_kit_reporter/ios`)
  - HealthKitReporter (from `https://github.com/quentinleguennec/HealthKitReporter`, branch `feature_add_clinical_records`, tag `3.1.0`)

EXTERNAL SOURCES:
  Flutter:
    :path: Flutter
  flutter_local_notifications:
    :path: ".symlinks/plugins/flutter_local_notifications/ios"
  health_kit_reporter:
    :path: ".symlinks/plugins/health_kit_reporter/ios"
  HealthKitReporter:
    :branch: feature_add_clinical_records
    :git: https://github.com/quentinleguennec/HealthKitReporter
    :tag: 3.1.0

CHECKOUT OPTIONS:
  HealthKitReporter:
    :commit: 13267bb81332e4f4efd7d1b4b42712407f0ffa5d
    :git: https://github.com/quentinleguennec/HealthKitReporter
    :tag: 3.1.0

SPEC CHECKSUMS:
  Flutter: e0871f40cf51350855a761d2e70bf5af5b9b5de7
  flutter_local_notifications: 0c0b1ae97e741e1521e4c1629a459d04b9aec743
  health_kit_reporter: f6e13538b33edf31bd01a98bcedcfbb38ed8cac6
  HealthKitReporter: 4fae728be1afa52c4833d4cfb9835b368bfc89e6

PODFILE CHECKSUM: 1889de476e99ab1321e8cfcbb6ee5c188827da99

COCOAPODS: 1.15.2
