PODS:
  - Flutter (1.0.0)
  - health_kit_reporter (1.2.1):
    - Flutter
    - HealthKitReporter
  - HealthKitReporter (1.2.1)

DEPENDENCIES:
  - Flutter (from `Flutter`)
  - health_kit_reporter (from `.symlinks/plugins/health_kit_reporter/ios`)

SPEC REPOS:
  trunk:
    - HealthKitReporter

EXTERNAL SOURCES:
  Flutter:
    :path: Flutter
  health_kit_reporter:
    :path: ".symlinks/plugins/health_kit_reporter/ios"

SPEC CHECKSUMS:
  Flutter: 0e3d915762c693b495b44d77113d4970485de6ec
  health_kit_reporter: 3bed01bb5c2f7294c054cd2ad1de8a0f3f6188cc
  HealthKitReporter: f60075669a368172cba69e688c47f74b1c88cb71

PODFILE CHECKSUM: aafe91acc616949ddb318b77800a7f51bffa2a4c

COCOAPODS: 1.10.0
