PODS:
  - Flutter (1.0.0)
  - flutter_local_notifications (0.0.1):
    - Flutter
  - health_kit_reporter (2.1.0):
    - Flutter
    - HealthKitReporter (= 3.1.0)
  - HealthKitReporter (3.1.0)

DEPENDENCIES:
  - Flutter (from `Flutter`)
  - flutter_local_notifications (from `.symlinks/plugins/flutter_local_notifications/ios`)
  - health_kit_reporter (from `.symlinks/plugins/health_kit_reporter/ios`)
  - HealthKitReporter (from `https://github.com/quentinleguennec/HealthKitReporter`, branch `feature_add_clinical_records`, tag `3.1.0`)

EXTERNAL SOURCES:
  Flutter:
    :path: Flutter
  flutter_local_notifications:
    :path: ".symlinks/plugins/flutter_local_notifications/ios"
  health_kit_reporter:
    :path: ".symlinks/plugins/health_kit_reporter/ios"
  HealthKitReporter:
    :branch: feature_add_clinical_records
    :git: https://github.com/quentinleguennec/HealthKitReporter
    :tag: 3.1.0

CHECKOUT OPTIONS:
  HealthKitReporter:
    :commit: d45b580af1a86088297413cae766c2d72c6d516e
    :git: https://github.com/quentinleguennec/HealthKitReporter
    :tag: 3.1.0

SPEC CHECKSUMS:
  Flutter: cabc95a1d2626b1b06e7179b784ebcf0c0cde467
  flutter_local_notifications: ef18f0537538fcd18e9106b3ddc91cc10b4e579a
  health_kit_reporter: 429bdc1519d4945ad426f6e0c4178c6c2588c6fd
  HealthKitReporter: 4fae728be1afa52c4833d4cfb9835b368bfc89e6

PODFILE CHECKSUM: c6e658ac4f2439ebf9a07dd794b28231a3ebdb77

COCOAPODS: 1.17.0
